// !$*UTF8*$!
{
	archiveVersion = 1;
	classes = {
	};
	objectVersion = 56;
	objects = {

/* Begin PBXBuildFile section */
		3C62326C2AB66F9100EA2562 /* IQAirrApp.swift in Sources */ = {isa = PBXBuildFile; fileRef = 3C62326B2AB66F9100EA2562 /* IQAirrApp.swift */; };
		3C62326E2AB66F9100EA2562 /* ContentView.swift in Sources */ = {isa = PBXBuildFile; fileRef = 3C62326D2AB66F9100EA2562 /* ContentView.swift */; };
		3C6232702AB66F9200EA2562 /* Assets.xcassets in Resources */ = {isa = PBXBuildFile; fileRef = 3C62326F2AB66F9200EA2562 /* Assets.xcassets */; };
		3C6232732AB66F9200EA2562 /* Preview Assets.xcassets in Resources */ = {isa = PBXBuildFile; fileRef = 3C6232722AB66F9200EA2562 /* Preview Assets.xcassets */; };
		3C6232752AB66F9200EA2562 /* Persistence.swift in Sources */ = {isa = PBXBuildFile; fileRef = 3C6232742AB66F9200EA2562 /* Persistence.swift */; };
		3C6232782AB66F9200EA2562 /* IQAirr.xcdatamodeld in Sources */ = {isa = PBXBuildFile; fileRef = 3C6232762AB66F9200EA2562 /* IQAirr.xcdatamodeld */; };
		3C6232802AB6799600EA2562 /* LocationSearch.swift in Sources */ = {isa = PBXBuildFile; fileRef = 3C62327F2AB6799600EA2562 /* LocationSearch.swift */; };
		3C6232832AB67D5F00EA2562 /* AirSearchService.swift in Sources */ = {isa = PBXBuildFile; fileRef = 3C6232822AB67D5F00EA2562 /* AirSearchService.swift */; };
		3C6232852AB67DB000EA2562 /* AirSearchViewModel.swift in Sources */ = {isa = PBXBuildFile; fileRef = 3C6232842AB67DB000EA2562 /* AirSearchViewModel.swift */; };
		3C6232872AB67DE300EA2562 /* AirSearchView.swift in Sources */ = {isa = PBXBuildFile; fileRef = 3C6232862AB67DE300EA2562 /* AirSearchView.swift */; };
		3C62328E2AB6903400EA2562 /* UserLocation.swift in Sources */ = {isa = PBXBuildFile; fileRef = 3C62328D2AB6903400EA2562 /* UserLocation.swift */; };
		3C6232912AB698FB00EA2562 /* LocationManager.swift in Sources */ = {isa = PBXBuildFile; fileRef = 3C6232902AB698FB00EA2562 /* LocationManager.swift */; };
		3C6232962AB72CDC00EA2562 /* FirebaseAnalytics in Frameworks */ = {isa = PBXBuildFile; productRef = 3C6232952AB72CDC00EA2562 /* FirebaseAnalytics */; };
		3C6232982AB72CDC00EA2562 /* FirebaseFirestore in Frameworks */ = {isa = PBXBuildFile; productRef = 3C6232972AB72CDC00EA2562 /* FirebaseFirestore */; };
		3C62329C2AB7331E00EA2562 /* FavoritedLocation.swift in Sources */ = {isa = PBXBuildFile; fileRef = 3C62329B2AB7331E00EA2562 /* FavoritedLocation.swift */; };
		3C6232A02AB7337500EA2562 /* FavoritesViewModel.swift in Sources */ = {isa = PBXBuildFile; fileRef = 3C62329F2AB7337500EA2562 /* FavoritesViewModel.swift */; };
		3C6232A22AB735A900EA2562 /* FavoritesView.swift in Sources */ = {isa = PBXBuildFile; fileRef = 3C6232A12AB735A900EA2562 /* FavoritesView.swift */; };
		3C6232A82AB74B3F00EA2562 /* GoogleService-Info.plist in Resources */ = {isa = PBXBuildFile; fileRef = 3C6232A72AB74B3F00EA2562 /* GoogleService-Info.plist */; };
/* End PBXBuildFile section */

/* Begin PBXFileReference section */
		3C6232682AB66F9100EA2562 /* IQAirr.app */ = {isa = PBXFileReference; explicitFileType = wrapper.application; includeInIndex = 0; path = IQAirr.app; sourceTree = BUILT_PRODUCTS_DIR; };
		3C62326B2AB66F9100EA2562 /* IQAirrApp.swift */ = {isa = PBXFileReference; lastKnownFileType = sourcecode.swift; path = IQAirrApp.swift; sourceTree = "<group>"; };
		3C62326D2AB66F9100EA2562 /* ContentView.swift */ = {isa = PBXFileReference; lastKnownFileType = sourcecode.swift; path = ContentView.swift; sourceTree = "<group>"; };
		3C62326F2AB66F9200EA2562 /* Assets.xcassets */ = {isa = PBXFileReference; lastKnownFileType = folder.assetcatalog; path = Assets.xcassets; sourceTree = "<group>"; };
		3C6232722AB66F9200EA2562 /* Preview Assets.xcassets */ = {isa = PBXFileReference; lastKnownFileType = folder.assetcatalog; path = "Preview Assets.xcassets"; sourceTree = "<group>"; };
		3C6232742AB66F9200EA2562 /* Persistence.swift */ = {isa = PBXFileReference; lastKnownFileType = sourcecode.swift; path = Persistence.swift; sourceTree = "<group>"; };
		3C6232772AB66F9200EA2562 /* IQAirr.xcdatamodel */ = {isa = PBXFileReference; lastKnownFileType = wrapper.xcdatamodel; path = IQAirr.xcdatamodel; sourceTree = "<group>"; };
		3C62327F2AB6799600EA2562 /* LocationSearch.swift */ = {isa = PBXFileReference; lastKnownFileType = sourcecode.swift; path = LocationSearch.swift; sourceTree = "<group>"; };
		3C6232822AB67D5F00EA2562 /* AirSearchService.swift */ = {isa = PBXFileReference; lastKnownFileType = sourcecode.swift; path = AirSearchService.swift; sourceTree = "<group>"; };
		3C6232842AB67DB000EA2562 /* AirSearchViewModel.swift */ = {isa = PBXFileReference; lastKnownFileType = sourcecode.swift; path = AirSearchViewModel.swift; sourceTree = "<group>"; };
		3C6232862AB67DE300EA2562 /* AirSearchView.swift */ = {isa = PBXFileReference; lastKnownFileType = sourcecode.swift; path = AirSearchView.swift; sourceTree = "<group>"; };
		3C62328D2AB6903400EA2562 /* UserLocation.swift */ = {isa = PBXFileReference; lastKnownFileType = sourcecode.swift; path = UserLocation.swift; sourceTree = "<group>"; };
		3C62328F2AB6952600EA2562 /* Info.plist */ = {isa = PBXFileReference; lastKnownFileType = text.plist; path = Info.plist; sourceTree = "<group>"; };
		3C6232902AB698FB00EA2562 /* LocationManager.swift */ = {isa = PBXFileReference; lastKnownFileType = sourcecode.swift; path = LocationManager.swift; sourceTree = "<group>"; };
		3C62329B2AB7331E00EA2562 /* FavoritedLocation.swift */ = {isa = PBXFileReference; lastKnownFileType = sourcecode.swift; path = FavoritedLocation.swift; sourceTree = "<group>"; };
		3C62329F2AB7337500EA2562 /* FavoritesViewModel.swift */ = {isa = PBXFileReference; lastKnownFileType = sourcecode.swift; path = FavoritesViewModel.swift; sourceTree = "<group>"; };
		3C6232A12AB735A900EA2562 /* FavoritesView.swift */ = {isa = PBXFileReference; lastKnownFileType = sourcecode.swift; path = FavoritesView.swift; sourceTree = "<group>"; };
		3C6232A72AB74B3F00EA2562 /* GoogleService-Info.plist */ = {isa = PBXFileReference; fileEncoding = 4; lastKnownFileType = text.plist.xml; path = "GoogleService-Info.plist"; sourceTree = "<group>"; };
/* End PBXFileReference section */

/* Begin PBXFrameworksBuildPhase section */
		3C6232652AB66F9100EA2562 /* Frameworks */ = {
			isa = PBXFrameworksBuildPhase;
			buildActionMask = 2147483647;
			files = (
				3C6232962AB72CDC00EA2562 /* FirebaseAnalytics in Frameworks */,
				3C6232982AB72CDC00EA2562 /* FirebaseFirestore in Frameworks */,
			);
			runOnlyForDeploymentPostprocessing = 0;
		};
/* End PBXFrameworksBuildPhase section */

/* Begin PBXGroup section */
		3C62325F2AB66F9100EA2562 = {
			isa = PBXGroup;
			children = (
				3C62326A2AB66F9100EA2562 /* IQAirr */,
				3C6232692AB66F9100EA2562 /* Products */,
			);
			sourceTree = "<group>";
		};
		3C6232692AB66F9100EA2562 /* Products */ = {
			isa = PBXGroup;
			children = (
				3C6232682AB66F9100EA2562 /* IQAirr.app */,
			);
			name = Products;
			sourceTree = "<group>";
		};
		3C62326A2AB66F9100EA2562 /* IQAirr */ = {
			isa = PBXGroup;
			children = (
				3C6232A72AB74B3F00EA2562 /* GoogleService-Info.plist */,
				3C62329E2AB7336300EA2562 /* Favorites */,
				3C62328F2AB6952600EA2562 /* Info.plist */,
				3C6232882AB68C3800EA2562 /* Location */,
				3C6232812AB67D3E00EA2562 /* AirSearch */,
				3C62327E2AB6795B00EA2562 /* Models */,
				3C62326B2AB66F9100EA2562 /* IQAirrApp.swift */,
				3C62326D2AB66F9100EA2562 /* ContentView.swift */,
				3C62326F2AB66F9200EA2562 /* Assets.xcassets */,
				3C6232742AB66F9200EA2562 /* Persistence.swift */,
				3C6232762AB66F9200EA2562 /* IQAirr.xcdatamodeld */,
				3C6232712AB66F9200EA2562 /* Preview Content */,
			);
			path = IQAirr;
			sourceTree = "<group>";
		};
		3C6232712AB66F9200EA2562 /* Preview Content */ = {
			isa = PBXGroup;
			children = (
				3C6232722AB66F9200EA2562 /* Preview Assets.xcassets */,
			);
			path = "Preview Content";
			sourceTree = "<group>";
		};
		3C62327E2AB6795B00EA2562 /* Models */ = {
			isa = PBXGroup;
			children = (
				3C62327F2AB6799600EA2562 /* LocationSearch.swift */,
				3C62328D2AB6903400EA2562 /* UserLocation.swift */,
				3C62329B2AB7331E00EA2562 /* FavoritedLocation.swift */,
			);
			path = Models;
			sourceTree = "<group>";
		};
		3C6232812AB67D3E00EA2562 /* AirSearch */ = {
			isa = PBXGroup;
			children = (
				3C6232822AB67D5F00EA2562 /* AirSearchService.swift */,
				3C6232842AB67DB000EA2562 /* AirSearchViewModel.swift */,
				3C6232862AB67DE300EA2562 /* AirSearchView.swift */,
			);
			path = AirSearch;
			sourceTree = "<group>";
		};
		3C6232882AB68C3800EA2562 /* Location */ = {
			isa = PBXGroup;
			children = (
				3C6232902AB698FB00EA2562 /* LocationManager.swift */,
			);
			path = Location;
			sourceTree = "<group>";
		};
		3C62329E2AB7336300EA2562 /* Favorites */ = {
			isa = PBXGroup;
			children = (
				3C62329F2AB7337500EA2562 /* FavoritesViewModel.swift */,
				3C6232A12AB735A900EA2562 /* FavoritesView.swift */,
			);
			path = Favorites;
			sourceTree = "<group>";
		};
/* End PBXGroup section */

/* Begin PBXNativeTarget section */
		3C6232672AB66F9100EA2562 /* IQAirr */ = {
			isa = PBXNativeTarget;
			buildConfigurationList = 3C62327B2AB66F9200EA2562 /* Build configuration list for PBXNativeTarget "IQAirr" */;
			buildPhases = (
				3C6232642AB66F9100EA2562 /* Sources */,
				3C6232652AB66F9100EA2562 /* Frameworks */,
				3C6232662AB66F9100EA2562 /* Resources */,
			);
			buildRules = (
			);
			dependencies = (
			);
			name = IQAirr;
			packageProductDependencies = (
				3C6232952AB72CDC00EA2562 /* FirebaseAnalytics */,
				3C6232972AB72CDC00EA2562 /* FirebaseFirestore */,
			);
			productName = IQAirr;
			productReference = 3C6232682AB66F9100EA2562 /* IQAirr.app */;
			productType = "com.apple.product-type.application";
		};
/* End PBXNativeTarget section */

/* Begin PBXProject section */
		3C6232602AB66F9100EA2562 /* Project object */ = {
			isa = PBXProject;
			attributes = {
				BuildIndependentTargetsInParallel = 1;
				LastSwiftUpdateCheck = 1430;
				LastUpgradeCheck = 1430;
				TargetAttributes = {
					3C6232672AB66F9100EA2562 = {
						CreatedOnToolsVersion = 14.3.1;
					};
				};
			};
			buildConfigurationList = 3C6232632AB66F9100EA2562 /* Build configuration list for PBXProject "IQAirr" */;
			compatibilityVersion = "Xcode 14.0";
			developmentRegion = en;
			hasScannedForEncodings = 0;
			knownRegions = (
				en,
				Base,
			);
			mainGroup = 3C62325F2AB66F9100EA2562;
			packageReferences = (
				3C6232942AB72CDC00EA2562 /* XCRemoteSwiftPackageReference "firebase-ios-sdk" */,
			);
			productRefGroup = 3C6232692AB66F9100EA2562 /* Products */;
			projectDirPath = "";
			projectRoot = "";
			targets = (
				3C6232672AB66F9100EA2562 /* IQAirr */,
			);
		};
/* End PBXProject section */

/* Begin PBXResourcesBuildPhase section */
		3C6232662AB66F9100EA2562 /* Resources */ = {
			isa = PBXResourcesBuildPhase;
			buildActionMask = 2147483647;
			files = (
				3C6232732AB66F9200EA2562 /* Preview Assets.xcassets in Resources */,
				3C6232A82AB74B3F00EA2562 /* GoogleService-Info.plist in Resources */,
				3C6232702AB66F9200EA2562 /* Assets.xcassets in Resources */,
			);
			runOnlyForDeploymentPostprocessing = 0;
		};
/* End PBXResourcesBuildPhase section */

/* Begin PBXSourcesBuildPhase section */
		3C6232642AB66F9100EA2562 /* Sources */ = {
			isa = PBXSourcesBuildPhase;
			buildActionMask = 2147483647;
			files = (
				3C6232802AB6799600EA2562 /* LocationSearch.swift in Sources */,
				3C6232752AB66F9200EA2562 /* Persistence.swift in Sources */,
				3C6232A22AB735A900EA2562 /* FavoritesView.swift in Sources */,
				3C6232912AB698FB00EA2562 /* LocationManager.swift in Sources */,
				3C62329C2AB7331E00EA2562 /* FavoritedLocation.swift in Sources */,
				3C62326E2AB66F9100EA2562 /* ContentView.swift in Sources */,
				3C6232872AB67DE300EA2562 /* AirSearchView.swift in Sources */,
				3C6232A02AB7337500EA2562 /* FavoritesViewModel.swift in Sources */,
				3C62326C2AB66F9100EA2562 /* IQAirrApp.swift in Sources */,
				3C6232832AB67D5F00EA2562 /* AirSearchService.swift in Sources */,
				3C6232782AB66F9200EA2562 /* IQAirr.xcdatamodeld in Sources */,
				3C6232852AB67DB000EA2562 /* AirSearchViewModel.swift in Sources */,
				3C62328E2AB6903400EA2562 /* UserLocation.swift in Sources */,
			);
			runOnlyForDeploymentPostprocessing = 0;
		};
/* End PBXSourcesBuildPhase section */

/* Begin XCBuildConfiguration section */
		3C6232792AB66F9200EA2562 /* Debug */ = {
			isa = XCBuildConfiguration;
			buildSettings = {
				ALWAYS_SEARCH_USER_PATHS = NO;
				CLANG_ANALYZER_NONNULL = YES;
				CLANG_ANALYZER_NUMBER_OBJECT_CONVERSION = YES_AGGRESSIVE;
				CLANG_CXX_LANGUAGE_STANDARD = "gnu++20";
				CLANG_ENABLE_MODULES = YES;
				CLANG_ENABLE_OBJC_ARC = YES;
				CLANG_ENABLE_OBJC_WEAK = YES;
				CLANG_WARN_BLOCK_CAPTURE_AUTORELEASING = YES;
				CLANG_WARN_BOOL_CONVERSION = YES;
				CLANG_WARN_COMMA = YES;
				CLANG_WARN_CONSTANT_CONVERSION = YES;
				CLANG_WARN_DEPRECATED_OBJC_IMPLEMENTATIONS = YES;
				CLANG_WARN_DIRECT_OBJC_ISA_USAGE = YES_ERROR;
				CLANG_WARN_DOCUMENTATION_COMMENTS = YES;
				CLANG_WARN_EMPTY_BODY = YES;
				CLANG_WARN_ENUM_CONVERSION = YES;
				CLANG_WARN_INFINITE_RECURSION = YES;
				CLANG_WARN_INT_CONVERSION = YES;
				CLANG_WARN_NON_LITERAL_NULL_CONVERSION = YES;
				CLANG_WARN_OBJC_IMPLICIT_RETAIN_SELF = YES;
				CLANG_WARN_OBJC_LITERAL_CONVERSION = YES;
				CLANG_WARN_OBJC_ROOT_CLASS = YES_ERROR;
				CLANG_WARN_QUOTED_INCLUDE_IN_FRAMEWORK_HEADER = YES;
				CLANG_WARN_RANGE_LOOP_ANALYSIS = YES;
				CLANG_WARN_STRICT_PROTOTYPES = YES;
				CLANG_WARN_SUSPICIOUS_MOVE = YES;
				CLANG_WARN_UNGUARDED_AVAILABILITY = YES_AGGRESSIVE;
				CLANG_WARN_UNREACHABLE_CODE = YES;
				CLANG_WARN__DUPLICATE_METHOD_MATCH = YES;
				COPY_PHASE_STRIP = NO;
				DEBUG_INFORMATION_FORMAT = dwarf;
				ENABLE_STRICT_OBJC_MSGSEND = YES;
				ENABLE_TESTABILITY = YES;
				GCC_C_LANGUAGE_STANDARD = gnu11;
				GCC_DYNAMIC_NO_PIC = NO;
				GCC_NO_COMMON_BLOCKS = YES;
				GCC_OPTIMIZATION_LEVEL = 0;
				GCC_PREPROCESSOR_DEFINITIONS = (
					"DEBUG=1",
					"$(inherited)",
				);
				GCC_WARN_64_TO_32_BIT_CONVERSION = YES;
				GCC_WARN_ABOUT_RETURN_TYPE = YES_ERROR;
				GCC_WARN_UNDECLARED_SELECTOR = YES;
				GCC_WARN_UNINITIALIZED_AUTOS = YES_AGGRESSIVE;
				GCC_WARN_UNUSED_FUNCTION = YES;
				GCC_WARN_UNUSED_VARIABLE = YES;
				IPHONEOS_DEPLOYMENT_TARGET = 16.4;
				MTL_ENABLE_DEBUG_INFO = INCLUDE_SOURCE;
				MTL_FAST_MATH = YES;
				ONLY_ACTIVE_ARCH = YES;
				SDKROOT = iphoneos;
				SWIFT_ACTIVE_COMPILATION_CONDITIONS = DEBUG;
				SWIFT_OPTIMIZATION_LEVEL = "-Onone";
			};
			name = Debug;
		};
		3C62327A2AB66F9200EA2562 /* Release */ = {
			isa = XCBuildConfiguration;
			buildSettings = {
				ALWAYS_SEARCH_USER_PATHS = NO;
				CLANG_ANALYZER_NONNULL = YES;
				CLANG_ANALYZER_NUMBER_OBJECT_CONVERSION = YES_AGGRESSIVE;
				CLANG_CXX_LANGUAGE_STANDARD = "gnu++20";
				CLANG_ENABLE_MODULES = YES;
				CLANG_ENABLE_OBJC_ARC = YES;
				CLANG_ENABLE_OBJC_WEAK = YES;
				CLANG_WARN_BLOCK_CAPTURE_AUTORELEASING = YES;
				CLANG_WARN_BOOL_CONVERSION = YES;
				CLANG_WARN_COMMA = YES;
				CLANG_WARN_CONSTANT_CONVERSION = YES;
				CLANG_WARN_DEPRECATED_OBJC_IMPLEMENTATIONS = YES;
				CLANG_WARN_DIRECT_OBJC_ISA_USAGE = YES_ERROR;
				CLANG_WARN_DOCUMENTATION_COMMENTS = YES;
				CLANG_WARN_EMPTY_BODY = YES;
				CLANG_WARN_ENUM_CONVERSION = YES;
				CLANG_WARN_INFINITE_RECURSION = YES;
				CLANG_WARN_INT_CONVERSION = YES;
				CLANG_WARN_NON_LITERAL_NULL_CONVERSION = YES;
				CLANG_WARN_OBJC_IMPLICIT_RETAIN_SELF = YES;
				CLANG_WARN_OBJC_LITERAL_CONVERSION = YES;
				CLANG_WARN_OBJC_ROOT_CLASS = YES_ERROR;
				CLANG_WARN_QUOTED_INCLUDE_IN_FRAMEWORK_HEADER = YES;
				CLANG_WARN_RANGE_LOOP_ANALYSIS = YES;
				CLANG_WARN_STRICT_PROTOTYPES = YES;
				CLANG_WARN_SUSPICIOUS_MOVE = YES;
				CLANG_WARN_UNGUARDED_AVAILABILITY = YES_AGGRESSIVE;
				CLANG_WARN_UNREACHABLE_CODE = YES;
				CLANG_WARN__DUPLICATE_METHOD_MATCH = YES;
				COPY_PHASE_STRIP = NO;
				DEBUG_INFORMATION_FORMAT = "dwarf-with-dsym";
				ENABLE_NS_ASSERTIONS = NO;
				ENABLE_STRICT_OBJC_MSGSEND = YES;
				GCC_C_LANGUAGE_STANDARD = gnu11;
				GCC_NO_COMMON_BLOCKS = YES;
				GCC_WARN_64_TO_32_BIT_CONVERSION = YES;
				GCC_WARN_ABOUT_RETURN_TYPE = YES_ERROR;
				GCC_WARN_UNDECLARED_SELECTOR = YES;
				GCC_WARN_UNINITIALIZED_AUTOS = YES_AGGRESSIVE;
				GCC_WARN_UNUSED_FUNCTION = YES;
				GCC_WARN_UNUSED_VARIABLE = YES;
				IPHONEOS_DEPLOYMENT_TARGET = 16.4;
				MTL_ENABLE_DEBUG_INFO = NO;
				MTL_FAST_MATH = YES;
				SDKROOT = iphoneos;
				SWIFT_COMPILATION_MODE = wholemodule;
				SWIFT_OPTIMIZATION_LEVEL = "-O";
				VALIDATE_PRODUCT = YES;
			};
			name = Release;
		};
		3C62327C2AB66F9200EA2562 /* Debug */ = {
			isa = XCBuildConfiguration;
			buildSettings = {
				ASSETCATALOG_COMPILER_APPICON_NAME = AppIcon;
				ASSETCATALOG_COMPILER_GLOBAL_ACCENT_COLOR_NAME = AccentColor;
				CODE_SIGN_STYLE = Automatic;
				CURRENT_PROJECT_VERSION = 1;
				DEVELOPMENT_ASSET_PATHS = "\"IQAirr/Preview Content\"";
				ENABLE_PREVIEWS = YES;
				GENERATE_INFOPLIST_FILE = YES;
				INFOPLIST_FILE = IQAirr/Info.plist;
				INFOPLIST_KEY_LSApplicationCategoryType = "";
				INFOPLIST_KEY_NSLocationWhenInUseUsageDescription = "This app needs you location to access nearby air quality data.";
				INFOPLIST_KEY_UIApplicationSceneManifest_Generation = YES;
				INFOPLIST_KEY_UIApplicationSupportsIndirectInputEvents = YES;
				INFOPLIST_KEY_UILaunchScreen_Generation = YES;
				INFOPLIST_KEY_UISupportedInterfaceOrientations_iPad = "UIInterfaceOrientationPortrait UIInterfaceOrientationPortraitUpsideDown UIInterfaceOrientationLandscapeLeft UIInterfaceOrientationLandscapeRight";
				INFOPLIST_KEY_UISupportedInterfaceOrientations_iPhone = "UIInterfaceOrientationPortrait UIInterfaceOrientationLandscapeLeft UIInterfaceOrientationLandscapeRight";
				LD_RUNPATH_SEARCH_PATHS = (
					"$(inherited)",
					"@executable_path/Frameworks",
				);
				MARKETING_VERSION = 1.0;
				PRODUCT_BUNDLE_IDENTIFIER = kiernana.IQAirr;
				PRODUCT_NAME = "$(TARGET_NAME)";
				SWIFT_EMIT_LOC_STRINGS = YES;
				SWIFT_VERSION = 5.0;
				TARGETED_DEVICE_FAMILY = "1,2";
			};
			name = Debug;
		};
		3C62327D2AB66F9200EA2562 /* Release */ = {
			isa = XCBuildConfiguration;
			buildSettings = {
				ASSETCATALOG_COMPILER_APPICON_NAME = AppIcon;
				ASSETCATALOG_COMPILER_GLOBAL_ACCENT_COLOR_NAME = AccentColor;
				CODE_SIGN_STYLE = Automatic;
				CURRENT_PROJECT_VERSION = 1;
				DEVELOPMENT_ASSET_PATHS = "\"IQAirr/Preview Content\"";
				ENABLE_PREVIEWS = YES;
				GENERATE_INFOPLIST_FILE = YES;
				INFOPLIST_FILE = IQAirr/Info.plist;
				INFOPLIST_KEY_LSApplicationCategoryType = "";
				INFOPLIST_KEY_NSLocationWhenInUseUsageDescription = "This app needs you location to access nearby air quality data.";
				INFOPLIST_KEY_UIApplicationSceneManifest_Generation = YES;
				INFOPLIST_KEY_UIApplicationSupportsIndirectInputEvents = YES;
				INFOPLIST_KEY_UILaunchScreen_Generation = YES;
				INFOPLIST_KEY_UISupportedInterfaceOrientations_iPad = "UIInterfaceOrientationPortrait UIInterfaceOrientationPortraitUpsideDown UIInterfaceOrientationLandscapeLeft UIInterfaceOrientationLandscapeRight";
				INFOPLIST_KEY_UISupportedInterfaceOrientations_iPhone = "UIInterfaceOrientationPortrait UIInterfaceOrientationLandscapeLeft UIInterfaceOrientationLandscapeRight";
				LD_RUNPATH_SEARCH_PATHS = (
					"$(inherited)",
					"@executable_path/Frameworks",
				);
				MARKETING_VERSION = 1.0;
				PRODUCT_BUNDLE_IDENTIFIER = kiernana.IQAirr;
				PRODUCT_NAME = "$(TARGET_NAME)";
				SWIFT_EMIT_LOC_STRINGS = YES;
				SWIFT_VERSION = 5.0;
				TARGETED_DEVICE_FAMILY = "1,2";
			};
			name = Release;
		};
/* End XCBuildConfiguration section */

/* Begin XCConfigurationList section */
		3C6232632AB66F9100EA2562 /* Build configuration list for PBXProject "IQAirr" */ = {
			isa = XCConfigurationList;
			buildConfigurations = (
				3C6232792AB66F9200EA2562 /* Debug */,
				3C62327A2AB66F9200EA2562 /* Release */,
			);
			defaultConfigurationIsVisible = 0;
			defaultConfigurationName = Release;
		};
		3C62327B2AB66F9200EA2562 /* Build configuration list for PBXNativeTarget "IQAirr" */ = {
			isa = XCConfigurationList;
			buildConfigurations = (
				3C62327C2AB66F9200EA2562 /* Debug */,
				3C62327D2AB66F9200EA2562 /* Release */,
			);
			defaultConfigurationIsVisible = 0;
			defaultConfigurationName = Release;
		};
/* End XCConfigurationList section */

/* Begin XCRemoteSwiftPackageReference section */
		3C6232942AB72CDC00EA2562 /* XCRemoteSwiftPackageReference "firebase-ios-sdk" */ = {
			isa = XCRemoteSwiftPackageReference;
			repositoryURL = "https://github.com/firebase/firebase-ios-sdk.git";
			requirement = {
				kind = upToNextMajorVersion;
				minimumVersion = 10.0.0;
			};
		};
/* End XCRemoteSwiftPackageReference section */

/* Begin XCSwiftPackageProductDependency section */
		3C6232952AB72CDC00EA2562 /* FirebaseAnalytics */ = {
			isa = XCSwiftPackageProductDependency;
			package = 3C6232942AB72CDC00EA2562 /* XCRemoteSwiftPackageReference "firebase-ios-sdk" */;
			productName = FirebaseAnalytics;
		};
		3C6232972AB72CDC00EA2562 /* FirebaseFirestore */ = {
			isa = XCSwiftPackageProductDependency;
			package = 3C6232942AB72CDC00EA2562 /* XCRemoteSwiftPackageReference "firebase-ios-sdk" */;
			productName = FirebaseFirestore;
		};
/* End XCSwiftPackageProductDependency section */

/* Begin XCVersionGroup section */
		3C6232762AB66F9200EA2562 /* IQAirr.xcdatamodeld */ = {
			isa = XCVersionGroup;
			children = (
				3C6232772AB66F9200EA2562 /* IQAirr.xcdatamodel */,
			);
			currentVersion = 3C6232772AB66F9200EA2562 /* IQAirr.xcdatamodel */;
			path = IQAirr.xcdatamodeld;
			sourceTree = "<group>";
			versionGroupType = wrapper.xcdatamodel;
		};
/* End XCVersionGroup section */
	};
	rootObject = 3C6232602AB66F9100EA2562 /* Project object */;
}
